<?xml version="1.0" encoding="utf-8"?>
<Project ToolsVersion="4.0" xmlns="http://schemas.microsoft.com/developer/msbuild/2003">
  <ItemGroup>
    <Filter Include="Source Files">
      <UniqueIdentifier>{4FC737F1-C7A5-4376-A066-2A32D752A2FF}</UniqueIdentifier>
      <Extensions>cpp;c;cc;cxx;def;odl;idl;hpj;bat;asm;asmx</Extensions>
    </Filter>
    <Filter Include="Header Files">
      <UniqueIdentifier>{93995380-89BD-4b04-88EB-625FBE52EBFB}</UniqueIdentifier>
      <Extensions>h;hh;hpp;hxx;hm;inl;inc;xsd</Extensions>
    </Filter>
    <Filter Include="App">
      <UniqueIdentifier>{901cb962-bfda-4525-9326-42234676ef76}</UniqueIdentifier>
    </Filter>
    <Filter Include="App\Common">
      <UniqueIdentifier>{68966954-ab72-4f02-9f4e-c007f06376fe}</UniqueIdentifier>
    </Filter>
    <Filter Include="Drivers">
      <UniqueIdentifier>{d1e234da-252e-4596-add4-d5a2606ed3f7}</UniqueIdentifier>
    </Filter>
    <Filter Include="Drivers\Clock">
      <UniqueIdentifier>{0ec811b8-0d7a-4d2a-a4ae-18eb8c10009b}</UniqueIdentifier>
    </Filter>
    <Filter Include="App\CommandManager">
      <UniqueIdentifier>{efa1b259-dbbc-4f0d-a62c-1182d6a9ebee}</UniqueIdentifier>
    </Filter>
    <Filter Include="Drivers\Uart">
      <UniqueIdentifier>{ae72c0a5-78f1-4344-8d37-6cd2cc432bf0}</UniqueIdentifier>
    </Filter>
    <Filter Include="App\ResetController">
      <UniqueIdentifier>{353172a7-66ea-4cef-8949-7ffe1155008d}</UniqueIdentifier>
    </Filter>
    <Filter Include="Drivers\Timer">
      <UniqueIdentifier>{d87c1657-06d8-43de-82d3-e453560d8f0e}</UniqueIdentifier>
    </Filter>
    <Filter Include="Drivers\Gpio">
      <UniqueIdentifier>{cba975d4-39ca-4cc9-a06d-c4cf1a9f2c5a}</UniqueIdentifier>
    </Filter>
    <Filter Include="App\Rebooter">
      <UniqueIdentifier>{73fb09fb-073b-4bfb-840e-a7d768f134c5}</UniqueIdentifier>
    </Filter>
    <Filter Include="App\LedController">
      <UniqueIdentifier>{06d8c104-8db8-49d7-8f29-6295817b8fde}</UniqueIdentifier>
    </Filter>
    <Filter Include="IAR">
      <UniqueIdentifier>{38431b78-62f6-480d-9106-18431b323de5}</UniqueIdentifier>
    </Filter>
    <Filter Include="App\Crc">
      <UniqueIdentifier>{98928fb6-f295-462a-bc24-f31ab5866119}</UniqueIdentifier>
    </Filter>
    <Filter Include="App\BootManager">
      <UniqueIdentifier>{b0beaf46-d21c-4133-97f4-52a448f5aad3}</UniqueIdentifier>
    </Filter>
    <Filter Include="App\SettingsManager">
      <UniqueIdentifier>{f061f872-bd4e-4cbb-9b79-af47d622b4c6}</UniqueIdentifier>
    </Filter>
    <Filter Include="Arduino">
      <UniqueIdentifier>{0d6c3041-ec64-4da9-8e3b-a12a2988a402}</UniqueIdentifier>
    </Filter>
    <Filter Include="Drivers\ChipReset">
      <UniqueIdentifier>{5b2f4c3d-375d-4a09-9183-38789854e442}</UniqueIdentifier>
    </Filter>
  </ItemGroup>
  <ItemGroup>
    <ClCompile Include="src\Clock.cpp">
      <Filter>Drivers\Clock</Filter>
    </ClCompile>
    <ClCompile Include="src\CommandManager.cpp">
      <Filter>App\CommandManager</Filter>
    </ClCompile>
    <ClCompile Include="src\ResetController.cpp">
      <Filter>App\ResetController</Filter>
    </ClCompile>
    <ClCompile Include="src\Timer.cpp">
      <Filter>Drivers\Timer</Filter>
    </ClCompile>
    <ClCompile Include="src\Rebooter.cpp">
      <Filter>App\Rebooter</Filter>
    </ClCompile>
    <ClCompile Include="src\GpioDriver.cpp">
      <Filter>Drivers\Gpio</Filter>
    </ClCompile>
    <ClCompile Include="src\main.cpp">
      <Filter>App</Filter>
    </ClCompile>
    <ClCompile Include="src\LedController.cpp">
      <Filter>App\LedController</Filter>
    </ClCompile>
    <ClCompile Include="src\Crc.cpp">
      <Filter>App\Crc</Filter>
    </ClCompile>
    <ClCompile Include="src\SettingsManager.cpp">
      <Filter>App\SettingsManager</Filter>
    </ClCompile>
    <ClCompile Include="src\BootManager.cpp">
      <Filter>App\BootManager</Filter>
    </ClCompile>
    <ClCompile Include="src\Eeprom.c">
      <Filter>IAR</Filter>
    </ClCompile>
    <ClCompile Include="src\Uart.cpp">
      <Filter>Drivers\Uart</Filter>
    </ClCompile>
    <ClCompile Include="src\ChipReset.cpp">
      <Filter>Drivers\ChipReset</Filter>
    </ClCompile>
  </ItemGroup>
  <ItemGroup>
    <ClInclude Include="src\Clock.h">
      <Filter>Drivers\Clock</Filter>
    </ClInclude>
    <ClInclude Include="src\CommandManager.h">
      <Filter>App\CommandManager</Filter>
    </ClInclude>
    <ClInclude Include="src\ISubscriber.h">
      <Filter>App\Common</Filter>
    </ClInclude>
    <ClInclude Include="src\Uart.h">
      <Filter>Drivers\Uart</Filter>
    </ClInclude>
    <ClInclude Include="src\ResetController.h">
      <Filter>App\ResetController</Filter>
    </ClInclude>
    <ClInclude Include="src\Timer.h">
      <Filter>Drivers\Timer</Filter>
    </ClInclude>
    <ClInclude Include="src\Rebooter.h">
      <Filter>App\Rebooter</Filter>
    </ClInclude>
    <ClInclude Include="src\GpioDriver.h">
      <Filter>Drivers\Gpio</Filter>
    </ClInclude>
    <ClInclude Include="src\LedController.h">
      <Filter>App\LedController</Filter>
    </ClInclude>
    <ClInclude Include="src\Crc.h">
      <Filter>App\Crc</Filter>
    </ClInclude>
    <ClInclude Include="src\STM8S003F3.h">
      <Filter>Drivers</Filter>
    </ClInclude>
    <ClInclude Include="src\Response.h">
      <Filter>App\Common</Filter>
    </ClInclude>
    <ClInclude Include="src\PlatformDefinitions.h">
      <Filter>Drivers</Filter>
    </ClInclude>
    <ClInclude Include="src\SettingsManager.h">
      <Filter>App\SettingsManager</Filter>
    </ClInclude>
    <ClInclude Include="src\BootManager.h">
      <Filter>App\BootManager</Filter>
    </ClInclude>
    <ClInclude Include="src\ChipReset.h">
      <Filter>Drivers\ChipReset</Filter>
    </ClInclude>
  </ItemGroup>
  <ItemGroup>
    <None Include="ClassDependency.dgml" />
    <None Include="FileDependency.dgml" />
    <None Include="src\Wdg.dep">
      <Filter>IAR</Filter>
    </None>
    <None Include="src\Wdg.ewd">
      <Filter>IAR</Filter>
    </None>
    <None Include="src\Wdg.ewp">
      <Filter>IAR</Filter>
    </None>
    <None Include="src\Wdg.ewt">
      <Filter>IAR</Filter>
    </None>
    <None Include="src\Wdg.eww">
      <Filter>IAR</Filter>
    </None>
    <None Include="src\src.ino">
      <Filter>Arduino</Filter>
    </None>
  </ItemGroup>
</Project>