
Microsoft Visual Studio Solution File, Format Version 12.00
# Visual Studio 15
VisualStudioVersion = 15.0.27004.2005
MinimumVisualStudioVersion = 10.0.40219.1
Project("{8BC9CEB8-8B4A-11D0-8D11-00A0C91BC942}") = "Hwdg", "Hwdg\Hwdg.vcxproj", "{D09EB86B-FDFF-416B-98AB-7CFD19B91AC8}"
EndProject
Project("{8BC9CEB8-8B4A-11D0-8D11-00A0C91BC942}") = "HwdgTests", "HwdgTests\HwdgTests.vcxproj", "{CD3C1FA2-48C9-4A0E-85DA-B5A006B3F123}"
EndProject
Project("{FAE04EC0-301F-11D3-BF4B-00C04F79EFBC}") = "HwdgWrapper", "HwdgWrapper\HwdgWrapper.csproj", "{FE87243D-38FD-41FD-A72A-DF645840CFE6}"
EndProject
Project("{9A19103F-16F7-4668-BE54-9A1E7A4F7556}") = "HwdgWrapperCore", "HwdgWrapperCore\HwdgWrapperCore.csproj", "{2A8216CC-340A-4059-9609-36ED21B22A8C}"
EndProject
Project("{FAE04EC0-301F-11D3-BF4B-00C04F79EFBC}") = "HwdgWrapperTests", "HwdgWrapperTests\HwdgWrapperTests.csproj", "{0C540370-817A-4AED-A855-01C09B51CBFB}"
EndProject
Project("{FAE04EC0-301F-11D3-BF4B-00C04F79EFBC}") = "HwdgGui", "HwdgGui\HwdgGui.csproj", "{7FDE8B85-6708-4611-9403-64E9B3D4F5DF}"
EndProject
Project("{FAE04EC0-301F-11D3-BF4B-00C04F79EFBC}") = "HwdgApiTests", "HwdgApiTests\HwdgApiTests.csproj", "{9EE0C41A-5391-4283-863D-980E55190598}"
EndProject
Project("{FAE04EC0-301F-11D3-BF4B-00C04F79EFBC}") = "HwdgHid", "HwdgHid\HwdgHid.csproj", "{0A495AA3-ACA9-4CFB-946E-E02428674841}"
EndProject
Project("{FAE04EC0-301F-11D3-BF4B-00C04F79EFBC}") = "HwdgHidTests", "HwdgHidTests\HwdgHidTests.csproj", "{42C82881-BD61-463B-956C-AA44D7666FAB}"
EndProject
Project("{8BC9CEB8-8B4A-11D0-8D11-00A0C91BC942}") = "HwdgTiny", "HwdgTiny\HwdgTiny.vcxproj", "{A4794CD1-7303-4FFF-936B-7CE0864D4143}"
EndProject
Global
	GlobalSection(SolutionConfigurationPlatforms) = preSolution
		Debug|Any CPU = Debug|Any CPU
		Debug|VisualGDB = Debug|VisualGDB
		Debug|x64 = Debug|x64
		Debug|x86 = Debug|x86
		Release|Any CPU = Release|Any CPU
		Release|VisualGDB = Release|VisualGDB
		Release|x64 = Release|x64
		Release|x86 = Release|x86
	EndGlobalSection
	GlobalSection(ProjectConfigurationPlatforms) = postSolution
		{D09EB86B-FDFF-416B-98AB-7CFD19B91AC8}.Debug|Any CPU.ActiveCfg = Debug|Win32
		{D09EB86B-FDFF-416B-98AB-7CFD19B91AC8}.Debug|Any CPU.Build.0 = Debug|Win32
		{D09EB86B-FDFF-416B-98AB-7CFD19B91AC8}.Debug|VisualGDB.ActiveCfg = Debug|Win32
		{D09EB86B-FDFF-416B-98AB-7CFD19B91AC8}.Debug|x64.ActiveCfg = Debug|x64
		{D09EB86B-FDFF-416B-98AB-7CFD19B91AC8}.Debug|x64.Build.0 = Debug|x64
		{D09EB86B-FDFF-416B-98AB-7CFD19B91AC8}.Debug|x86.ActiveCfg = Debug|Win32
		{D09EB86B-FDFF-416B-98AB-7CFD19B91AC8}.Debug|x86.Build.0 = Debug|Win32
		{D09EB86B-FDFF-416B-98AB-7CFD19B91AC8}.Release|Any CPU.ActiveCfg = Release|Win32
		{D09EB86B-FDFF-416B-98AB-7CFD19B91AC8}.Release|Any CPU.Build.0 = Release|Win32
		{D09EB86B-FDFF-416B-98AB-7CFD19B91AC8}.Release|VisualGDB.ActiveCfg = Release|Win32
		{D09EB86B-FDFF-416B-98AB-7CFD19B91AC8}.Release|x64.ActiveCfg = Release|x64
		{D09EB86B-FDFF-416B-98AB-7CFD19B91AC8}.Release|x64.Build.0 = Release|x64
		{D09EB86B-FDFF-416B-98AB-7CFD19B91AC8}.Release|x86.ActiveCfg = Release|Win32
		{D09EB86B-FDFF-416B-98AB-7CFD19B91AC8}.Release|x86.Build.0 = Release|Win32
		{CD3C1FA2-48C9-4A0E-85DA-B5A006B3F123}.Debug|Any CPU.ActiveCfg = Debug|Win32
		{CD3C1FA2-48C9-4A0E-85DA-B5A006B3F123}.Debug|Any CPU.Build.0 = Debug|Win32
		{CD3C1FA2-48C9-4A0E-85DA-B5A006B3F123}.Debug|VisualGDB.ActiveCfg = Debug|Win32
		{CD3C1FA2-48C9-4A0E-85DA-B5A006B3F123}.Debug|x64.ActiveCfg = Debug|x64
		{CD3C1FA2-48C9-4A0E-85DA-B5A006B3F123}.Debug|x64.Build.0 = Debug|x64
		{CD3C1FA2-48C9-4A0E-85DA-B5A006B3F123}.Debug|x86.ActiveCfg = Debug|Win32
		{CD3C1FA2-48C9-4A0E-85DA-B5A006B3F123}.Debug|x86.Build.0 = Debug|Win32
		{CD3C1FA2-48C9-4A0E-85DA-B5A006B3F123}.Release|Any CPU.ActiveCfg = Release|Win32
		{CD3C1FA2-48C9-4A0E-85DA-B5A006B3F123}.Release|VisualGDB.ActiveCfg = Release|Win32
		{CD3C1FA2-48C9-4A0E-85DA-B5A006B3F123}.Release|x64.ActiveCfg = Release|x64
		{CD3C1FA2-48C9-4A0E-85DA-B5A006B3F123}.Release|x64.Build.0 = Release|x64
		{CD3C1FA2-48C9-4A0E-85DA-B5A006B3F123}.Release|x86.ActiveCfg = Release|Win32
		{CD3C1FA2-48C9-4A0E-85DA-B5A006B3F123}.Release|x86.Build.0 = Release|Win32
		{FE87243D-38FD-41FD-A72A-DF645840CFE6}.Debug|Any CPU.ActiveCfg = Debug|Any CPU
		{FE87243D-38FD-41FD-A72A-DF645840CFE6}.Debug|Any CPU.Build.0 = Debug|Any CPU
		{FE87243D-38FD-41FD-A72A-DF645840CFE6}.Debug|VisualGDB.ActiveCfg = Debug|Any CPU
		{FE87243D-38FD-41FD-A72A-DF645840CFE6}.Debug|VisualGDB.Build.0 = Debug|Any CPU
		{FE87243D-38FD-41FD-A72A-DF645840CFE6}.Debug|x64.ActiveCfg = Debug|Any CPU
		{FE87243D-38FD-41FD-A72A-DF645840CFE6}.Debug|x64.Build.0 = Debug|Any CPU
		{FE87243D-38FD-41FD-A72A-DF645840CFE6}.Debug|x86.ActiveCfg = Debug|Any CPU
		{FE87243D-38FD-41FD-A72A-DF645840CFE6}.Debug|x86.Build.0 = Debug|Any CPU
		{FE87243D-38FD-41FD-A72A-DF645840CFE6}.Release|Any CPU.ActiveCfg = Release|Any CPU
		{FE87243D-38FD-41FD-A72A-DF645840CFE6}.Release|Any CPU.Build.0 = Release|Any CPU
		{FE87243D-38FD-41FD-A72A-DF645840CFE6}.Release|VisualGDB.ActiveCfg = Release|Any CPU
		{FE87243D-38FD-41FD-A72A-DF645840CFE6}.Release|VisualGDB.Build.0 = Release|Any CPU
		{FE87243D-38FD-41FD-A72A-DF645840CFE6}.Release|x64.ActiveCfg = Release|Any CPU
		{FE87243D-38FD-41FD-A72A-DF645840CFE6}.Release|x64.Build.0 = Release|Any CPU
		{FE87243D-38FD-41FD-A72A-DF645840CFE6}.Release|x86.ActiveCfg = Release|Any CPU
		{FE87243D-38FD-41FD-A72A-DF645840CFE6}.Release|x86.Build.0 = Release|Any CPU
		{2A8216CC-340A-4059-9609-36ED21B22A8C}.Debug|Any CPU.ActiveCfg = Debug|Any CPU
		{2A8216CC-340A-4059-9609-36ED21B22A8C}.Debug|Any CPU.Build.0 = Debug|Any CPU
		{2A8216CC-340A-4059-9609-36ED21B22A8C}.Debug|VisualGDB.ActiveCfg = Debug|Any CPU
		{2A8216CC-340A-4059-9609-36ED21B22A8C}.Debug|VisualGDB.Build.0 = Debug|Any CPU
		{2A8216CC-340A-4059-9609-36ED21B22A8C}.Debug|x64.ActiveCfg = Debug|Any CPU
		{2A8216CC-340A-4059-9609-36ED21B22A8C}.Debug|x64.Build.0 = Debug|Any CPU
		{2A8216CC-340A-4059-9609-36ED21B22A8C}.Debug|x86.ActiveCfg = Debug|Any CPU
		{2A8216CC-340A-4059-9609-36ED21B22A8C}.Debug|x86.Build.0 = Debug|Any CPU
		{2A8216CC-340A-4059-9609-36ED21B22A8C}.Release|Any CPU.ActiveCfg = Release|Any CPU
		{2A8216CC-340A-4059-9609-36ED21B22A8C}.Release|Any CPU.Build.0 = Release|Any CPU
		{2A8216CC-340A-4059-9609-36ED21B22A8C}.Release|VisualGDB.ActiveCfg = Release|Any CPU
		{2A8216CC-340A-4059-9609-36ED21B22A8C}.Release|VisualGDB.Build.0 = Release|Any CPU
		{2A8216CC-340A-4059-9609-36ED21B22A8C}.Release|x64.ActiveCfg = Release|Any CPU
		{2A8216CC-340A-4059-9609-36ED21B22A8C}.Release|x64.Build.0 = Release|Any CPU
		{2A8216CC-340A-4059-9609-36ED21B22A8C}.Release|x86.ActiveCfg = Release|Any CPU
		{2A8216CC-340A-4059-9609-36ED21B22A8C}.Release|x86.Build.0 = Release|Any CPU
		{0C540370-817A-4AED-A855-01C09B51CBFB}.Debug|Any CPU.ActiveCfg = Debug|Any CPU
		{0C540370-817A-4AED-A855-01C09B51CBFB}.Debug|Any CPU.Build.0 = Debug|Any CPU
		{0C540370-817A-4AED-A855-01C09B51CBFB}.Debug|VisualGDB.ActiveCfg = Debug|Any CPU
		{0C540370-817A-4AED-A855-01C09B51CBFB}.Debug|VisualGDB.Build.0 = Debug|Any CPU
		{0C540370-817A-4AED-A855-01C09B51CBFB}.Debug|x64.ActiveCfg = Debug|Any CPU
		{0C540370-817A-4AED-A855-01C09B51CBFB}.Debug|x64.Build.0 = Debug|Any CPU
		{0C540370-817A-4AED-A855-01C09B51CBFB}.Debug|x86.ActiveCfg = Debug|Any CPU
		{0C540370-817A-4AED-A855-01C09B51CBFB}.Debug|x86.Build.0 = Debug|Any CPU
		{0C540370-817A-4AED-A855-01C09B51CBFB}.Release|Any CPU.ActiveCfg = Release|Any CPU
		{0C540370-817A-4AED-A855-01C09B51CBFB}.Release|Any CPU.Build.0 = Release|Any CPU
		{0C540370-817A-4AED-A855-01C09B51CBFB}.Release|VisualGDB.ActiveCfg = Release|Any CPU
		{0C540370-817A-4AED-A855-01C09B51CBFB}.Release|VisualGDB.Build.0 = Release|Any CPU
		{0C540370-817A-4AED-A855-01C09B51CBFB}.Release|x64.ActiveCfg = Release|Any CPU
		{0C540370-817A-4AED-A855-01C09B51CBFB}.Release|x64.Build.0 = Release|Any CPU
		{0C540370-817A-4AED-A855-01C09B51CBFB}.Release|x86.ActiveCfg = Release|Any CPU
		{0C540370-817A-4AED-A855-01C09B51CBFB}.Release|x86.Build.0 = Release|Any CPU
		{7FDE8B85-6708-4611-9403-64E9B3D4F5DF}.Debug|Any CPU.ActiveCfg = Debug|Any CPU
		{7FDE8B85-6708-4611-9403-64E9B3D4F5DF}.Debug|Any CPU.Build.0 = Debug|Any CPU
		{7FDE8B85-6708-4611-9403-64E9B3D4F5DF}.Debug|VisualGDB.ActiveCfg = Debug|Any CPU
		{7FDE8B85-6708-4611-9403-64E9B3D4F5DF}.Debug|VisualGDB.Build.0 = Debug|Any CPU
		{7FDE8B85-6708-4611-9403-64E9B3D4F5DF}.Debug|x64.ActiveCfg = Debug|Any CPU
		{7FDE8B85-6708-4611-9403-64E9B3D4F5DF}.Debug|x64.Build.0 = Debug|Any CPU
		{7FDE8B85-6708-4611-9403-64E9B3D4F5DF}.Debug|x86.ActiveCfg = Debug|Any CPU
		{7FDE8B85-6708-4611-9403-64E9B3D4F5DF}.Debug|x86.Build.0 = Debug|Any CPU
		{7FDE8B85-6708-4611-9403-64E9B3D4F5DF}.Release|Any CPU.ActiveCfg = Release|Any CPU
		{7FDE8B85-6708-4611-9403-64E9B3D4F5DF}.Release|Any CPU.Build.0 = Release|Any CPU
		{7FDE8B85-6708-4611-9403-64E9B3D4F5DF}.Release|VisualGDB.ActiveCfg = Release|Any CPU
		{7FDE8B85-6708-4611-9403-64E9B3D4F5DF}.Release|VisualGDB.Build.0 = Release|Any CPU
		{7FDE8B85-6708-4611-9403-64E9B3D4F5DF}.Release|x64.ActiveCfg = Release|Any CPU
		{7FDE8B85-6708-4611-9403-64E9B3D4F5DF}.Release|x64.Build.0 = Release|Any CPU
		{7FDE8B85-6708-4611-9403-64E9B3D4F5DF}.Release|x86.ActiveCfg = Release|Any CPU
		{7FDE8B85-6708-4611-9403-64E9B3D4F5DF}.Release|x86.Build.0 = Release|Any CPU
		{9EE0C41A-5391-4283-863D-980E55190598}.Debug|Any CPU.ActiveCfg = Debug|Any CPU
		{9EE0C41A-5391-4283-863D-980E55190598}.Debug|Any CPU.Build.0 = Debug|Any CPU
		{9EE0C41A-5391-4283-863D-980E55190598}.Debug|VisualGDB.ActiveCfg = Debug|Any CPU
		{9EE0C41A-5391-4283-863D-980E55190598}.Debug|VisualGDB.Build.0 = Debug|Any CPU
		{9EE0C41A-5391-4283-863D-980E55190598}.Debug|x64.ActiveCfg = Debug|Any CPU
		{9EE0C41A-5391-4283-863D-980E55190598}.Debug|x64.Build.0 = Debug|Any CPU
		{9EE0C41A-5391-4283-863D-980E55190598}.Debug|x86.ActiveCfg = Debug|Any CPU
		{9EE0C41A-5391-4283-863D-980E55190598}.Debug|x86.Build.0 = Debug|Any CPU
		{9EE0C41A-5391-4283-863D-980E55190598}.Release|Any CPU.ActiveCfg = Release|Any CPU
		{9EE0C41A-5391-4283-863D-980E55190598}.Release|Any CPU.Build.0 = Release|Any CPU
		{9EE0C41A-5391-4283-863D-980E55190598}.Release|VisualGDB.ActiveCfg = Release|Any CPU
		{9EE0C41A-5391-4283-863D-980E55190598}.Release|VisualGDB.Build.0 = Release|Any CPU
		{9EE0C41A-5391-4283-863D-980E55190598}.Release|x64.ActiveCfg = Release|Any CPU
		{9EE0C41A-5391-4283-863D-980E55190598}.Release|x64.Build.0 = Release|Any CPU
		{9EE0C41A-5391-4283-863D-980E55190598}.Release|x86.ActiveCfg = Release|Any CPU
		{9EE0C41A-5391-4283-863D-980E55190598}.Release|x86.Build.0 = Release|Any CPU
		{0A495AA3-ACA9-4CFB-946E-E02428674841}.Debug|Any CPU.ActiveCfg = Debug|Any CPU
		{0A495AA3-ACA9-4CFB-946E-E02428674841}.Debug|Any CPU.Build.0 = Debug|Any CPU
		{0A495AA3-ACA9-4CFB-946E-E02428674841}.Debug|VisualGDB.ActiveCfg = Debug|Any CPU
		{0A495AA3-ACA9-4CFB-946E-E02428674841}.Debug|VisualGDB.Build.0 = Debug|Any CPU
		{0A495AA3-ACA9-4CFB-946E-E02428674841}.Debug|x64.ActiveCfg = Debug|Any CPU
		{0A495AA3-ACA9-4CFB-946E-E02428674841}.Debug|x64.Build.0 = Debug|Any CPU
		{0A495AA3-ACA9-4CFB-946E-E02428674841}.Debug|x86.ActiveCfg = Debug|Any CPU
		{0A495AA3-ACA9-4CFB-946E-E02428674841}.Debug|x86.Build.0 = Debug|Any CPU
		{0A495AA3-ACA9-4CFB-946E-E02428674841}.Release|Any CPU.ActiveCfg = Release|Any CPU
		{0A495AA3-ACA9-4CFB-946E-E02428674841}.Release|Any CPU.Build.0 = Release|Any CPU
		{0A495AA3-ACA9-4CFB-946E-E02428674841}.Release|VisualGDB.ActiveCfg = Release|Any CPU
		{0A495AA3-ACA9-4CFB-946E-E02428674841}.Release|VisualGDB.Build.0 = Release|Any CPU
		{0A495AA3-ACA9-4CFB-946E-E02428674841}.Release|x64.ActiveCfg = Release|Any CPU
		{0A495AA3-ACA9-4CFB-946E-E02428674841}.Release|x64.Build.0 = Release|Any CPU
		{0A495AA3-ACA9-4CFB-946E-E02428674841}.Release|x86.ActiveCfg = Release|Any CPU
		{0A495AA3-ACA9-4CFB-946E-E02428674841}.Release|x86.Build.0 = Release|Any CPU
		{42C82881-BD61-463B-956C-AA44D7666FAB}.Debug|Any CPU.ActiveCfg = Debug|Any CPU
		{42C82881-BD61-463B-956C-AA44D7666FAB}.Debug|Any CPU.Build.0 = Debug|Any CPU
		{42C82881-BD61-463B-956C-AA44D7666FAB}.Debug|VisualGDB.ActiveCfg = Debug|Any CPU
		{42C82881-BD61-463B-956C-AA44D7666FAB}.Debug|VisualGDB.Build.0 = Debug|Any CPU
		{42C82881-BD61-463B-956C-AA44D7666FAB}.Debug|x64.ActiveCfg = Debug|Any CPU
		{42C82881-BD61-463B-956C-AA44D7666FAB}.Debug|x64.Build.0 = Debug|Any CPU
		{42C82881-BD61-463B-956C-AA44D7666FAB}.Debug|x86.ActiveCfg = Debug|Any CPU
		{42C82881-BD61-463B-956C-AA44D7666FAB}.Debug|x86.Build.0 = Debug|Any CPU
		{42C82881-BD61-463B-956C-AA44D7666FAB}.Release|Any CPU.ActiveCfg = Release|Any CPU
		{42C82881-BD61-463B-956C-AA44D7666FAB}.Release|Any CPU.Build.0 = Release|Any CPU
		{42C82881-BD61-463B-956C-AA44D7666FAB}.Release|VisualGDB.ActiveCfg = Release|Any CPU
		{42C82881-BD61-463B-956C-AA44D7666FAB}.Release|VisualGDB.Build.0 = Release|Any CPU
		{42C82881-BD61-463B-956C-AA44D7666FAB}.Release|x64.ActiveCfg = Release|Any CPU
		{42C82881-BD61-463B-956C-AA44D7666FAB}.Release|x64.Build.0 = Release|Any CPU
		{42C82881-BD61-463B-956C-AA44D7666FAB}.Release|x86.ActiveCfg = Release|Any CPU
		{42C82881-BD61-463B-956C-AA44D7666FAB}.Release|x86.Build.0 = Release|Any CPU
		{A4794CD1-7303-4FFF-936B-7CE0864D4143}.Debug|Any CPU.ActiveCfg = Debug|VisualGDB
		{A4794CD1-7303-4FFF-936B-7CE0864D4143}.Debug|Any CPU.Build.0 = Debug|VisualGDB
		{A4794CD1-7303-4FFF-936B-7CE0864D4143}.Debug|VisualGDB.ActiveCfg = Debug|VisualGDB
		{A4794CD1-7303-4FFF-936B-7CE0864D4143}.Debug|VisualGDB.Build.0 = Debug|VisualGDB
		{A4794CD1-7303-4FFF-936B-7CE0864D4143}.Debug|x64.ActiveCfg = Debug|VisualGDB
		{A4794CD1-7303-4FFF-936B-7CE0864D4143}.Debug|x86.ActiveCfg = Debug|VisualGDB
		{A4794CD1-7303-4FFF-936B-7CE0864D4143}.Release|Any CPU.ActiveCfg = Release|VisualGDB
		{A4794CD1-7303-4FFF-936B-7CE0864D4143}.Release|VisualGDB.ActiveCfg = Release|VisualGDB
		{A4794CD1-7303-4FFF-936B-7CE0864D4143}.Release|VisualGDB.Build.0 = Release|VisualGDB
		{A4794CD1-7303-4FFF-936B-7CE0864D4143}.Release|x64.ActiveCfg = Release|VisualGDB
		{A4794CD1-7303-4FFF-936B-7CE0864D4143}.Release|x86.ActiveCfg = Release|VisualGDB
	EndGlobalSection
	GlobalSection(SolutionProperties) = preSolution
		HideSolutionNode = FALSE
	EndGlobalSection
	GlobalSection(ExtensibilityGlobals) = postSolution
		SolutionGuid = {BE31387E-78CA-4805-8613-0F3DE3C04407}
	EndGlobalSection
EndGlobal
